github.com/buger/goterm v0.0.0-20200322175922-2f3e71b85129 h1:gfAMKE626QEuKG3si0pdTRcr/YEbBoxY+3GOH3gWvl4=
github.com/buger/goterm v0.0.0-20200322175922-2f3e71b85129/go.mod h1:u9UyCz2eTrSGy6fbupqJ54eY5c4IC8gREQ1053dK12U=
github.com/fsnotify/fsnotify v1.4.9 h1:hsms1Qyu0jgnwNXIxa+/V/PDsU6CfLf6CNO8H7IWoS4=
github.com/fsnotify/fsnotify v1.4.9/go.mod h1:znqG4EE+3YCdAaPaxE2ZRY/06pZUdp0tY4IgpuI1SZQ=
github.com/gordonklaus/portaudio v0.0.0-20180817120803-00e7307ccd93 h1:TSG+DyZBnazM22ZHyHLeUkzM34ClkJRjIWHTq4btvek=
github.com/gordonklaus/portaudio v0.0.0-20180817120803-00e7307ccd93/go.mod h1:HfYnZi/ARQKG0dwH5HNDmPCHdLiFiBf+SI7DbhW7et4=
github.com/jessevdk/go-flags v1.4.0 h1:4IU2WS7AumrZ/40jfhf4QVDMsQwqA7VEHozFRrGARJA=
github.com/jessevdk/go-flags v1.4.0/go.mod h1:4FA24M0QyGHXBuZZK/XkWh8h0e1EYbRYJSGM75WSRxI=
github.com/mkb218/gosndfile v0.0.0-20171006180803-e0c9ef895ee2 h1:VxuHU1GzpitRcSRQLMsYzmiR4AWli0ZIAwuay3nAdng=
github.com/mkb218/gosndfile v0.0.0-20171006180803-e0c9ef895ee2/go.mod h1:Bt3M0pOPhXFJld5U1F484ASifG9E1Tych5ukWdGXnxw=
github.com/rakyll/portmidi v0.0.0-20191102002215-74e95e8bc9b1 h1:ayxM9WkC6QRX0QnfrbZa98pfFqrNq1jo+58rWL1qjZs=
github.com/rakyll/portmidi v0.0.0-20191102002215-74e95e8bc9b1/go.mod h1:xKffaBd7e1YUoLpR2azvJqkxEdUDNGNDMlsUNdv6Bcs=
golang.org/x/sys v0.0.0-20191005200804-aed5e4c7ecf9/go.mod h1:h1NjWce9XRLGQEsW7wpKNCjG9DtNlClVuFLEZdDNbEs=
golang.org/x/sys v0.0.0-20200814200057-3d37ad5750ed h1:J22ig1FUekjjkmZUM7pTKixYm8DvrYsvrBZdunYeIuQ=
golang.org/x/sys v0.0.0-20200814200057-3d37ad5750ed/go.mod h1:h1NjWce9XRLGQEsW7wpKNCjG9DtNlClVuFLEZdDNbEs=
